
Microsoft Visual Studio Solution File, Format Version 12.00
# Visual Studio Version 17
VisualStudioVersion = 17.9.34714.143
MinimumVisualStudioVersion = 10.0.40219.1
Project("{9A19103F-16F7-4668-BE54-9A1E7A4F7556}") = "Bsol.Business.Template.Api", "src\Bsol.Business.Template.Api\Bsol.Business.Template.Api.csproj", "{BBF50C7B-5075-43E1-9C10-8E7FA2A73105}"
EndProject
Project("{2150E333-8FDC-42A3-9474-1A3956D46DE8}") = "src", "src", "{01438C57-C942-461F-8D52-9D36645437EC}"
EndProject
Project("{9A19103F-16F7-4668-BE54-9A1E7A4F7556}") = "Bsol.Business.Template.Core", "src\Bsol.Business.Template.Core\Bsol.Business.Template.Core.csproj", "{C404D569-27A8-449A-A7C6-4564EAB7E494}"
EndProject
Project("{9A19103F-16F7-4668-BE54-9A1E7A4F7556}") = "Bsol.Business.Template.Infrastructure", "src\Bsol.Business.Template.Infrastructure\Bsol.Business.Template.Infrastructure.csproj", "{C729EDB4-60EA-4C73-B0D0-6226B3340B1E}"
EndProject
Project("{2150E333-8FDC-42A3-9474-1A3956D46DE8}") = "Solution Items", "Solution Items", "{A3B1B070-7276-4FD0-9FE0-AE4AA489DBB9}"
	ProjectSection(SolutionItems) = preProject
		.editorconfig = .editorconfig
		.gitattributes = .gitattributes
		.gitignore = .gitignore
		README.md = README.md
	EndProjectSection
EndProject
Project("{9A19103F-16F7-4668-BE54-9A1E7A4F7556}") = "Bsol.Business.Template.SharedKernel", "src\Bsol.Business.Template.SharedKernel\Bsol.Business.Template.SharedKernel.csproj", "{C481DE8D-36D6-4856-99CC-3B272BE44B67}"
EndProject
Project("{2150E333-8FDC-42A3-9474-1A3956D46DE8}") = "tests", "tests", "{98E5F320-B5CC-4B03-A199-C211AFE8128E}"
EndProject
Project("{FAE04EC0-301F-11D3-BF4B-00C04F79EFBC}") = "Bsol.Business.Template.Test", "tests\Bsol.Business.Template.IntegrationTests\Bsol.Business.Template.IntegrationTests.csproj", "{2E98C2B9-322A-443B-8305-CD50520E88E0}"
EndProject
Global
	GlobalSection(SolutionConfigurationPlatforms) = preSolution
		Debug|Any CPU = Debug|Any CPU
		Release|Any CPU = Release|Any CPU
	EndGlobalSection
	GlobalSection(ProjectConfigurationPlatforms) = postSolution
		{BBF50C7B-5075-43E1-9C10-8E7FA2A73105}.Debug|Any CPU.ActiveCfg = Debug|Any CPU
		{BBF50C7B-5075-43E1-9C10-8E7FA2A73105}.Debug|Any CPU.Build.0 = Debug|Any CPU
		{BBF50C7B-5075-43E1-9C10-8E7FA2A73105}.Release|Any CPU.ActiveCfg = Release|Any CPU
		{BBF50C7B-5075-43E1-9C10-8E7FA2A73105}.Release|Any CPU.Build.0 = Release|Any CPU
		{C404D569-27A8-449A-A7C6-4564EAB7E494}.Debug|Any CPU.ActiveCfg = Debug|Any CPU
		{C404D569-27A8-449A-A7C6-4564EAB7E494}.Debug|Any CPU.Build.0 = Debug|Any CPU
		{C404D569-27A8-449A-A7C6-4564EAB7E494}.Release|Any CPU.ActiveCfg = Release|Any CPU
		{C404D569-27A8-449A-A7C6-4564EAB7E494}.Release|Any CPU.Build.0 = Release|Any CPU
		{C729EDB4-60EA-4C73-B0D0-6226B3340B1E}.Debug|Any CPU.ActiveCfg = Debug|Any CPU
		{C729EDB4-60EA-4C73-B0D0-6226B3340B1E}.Debug|Any CPU.Build.0 = Debug|Any CPU
		{C729EDB4-60EA-4C73-B0D0-6226B3340B1E}.Release|Any CPU.ActiveCfg = Release|Any CPU
		{C729EDB4-60EA-4C73-B0D0-6226B3340B1E}.Release|Any CPU.Build.0 = Release|Any CPU
		{C481DE8D-36D6-4856-99CC-3B272BE44B67}.Debug|Any CPU.ActiveCfg = Debug|Any CPU
		{C481DE8D-36D6-4856-99CC-3B272BE44B67}.Debug|Any CPU.Build.0 = Debug|Any CPU
		{C481DE8D-36D6-4856-99CC-3B272BE44B67}.Release|Any CPU.ActiveCfg = Release|Any CPU
		{C481DE8D-36D6-4856-99CC-3B272BE44B67}.Release|Any CPU.Build.0 = Release|Any CPU
		{2E98C2B9-322A-443B-8305-CD50520E88E0}.Debug|Any CPU.ActiveCfg = Debug|Any CPU
		{2E98C2B9-322A-443B-8305-CD50520E88E0}.Debug|Any CPU.Build.0 = Debug|Any CPU
		{2E98C2B9-322A-443B-8305-CD50520E88E0}.Release|Any CPU.ActiveCfg = Release|Any CPU
		{2E98C2B9-322A-443B-8305-CD50520E88E0}.Release|Any CPU.Build.0 = Release|Any CPU
	EndGlobalSection
	GlobalSection(SolutionProperties) = preSolution
		HideSolutionNode = FALSE
	EndGlobalSection
	GlobalSection(NestedProjects) = preSolution
		{BBF50C7B-5075-43E1-9C10-8E7FA2A73105} = {01438C57-C942-461F-8D52-9D36645437EC}
		{C404D569-27A8-449A-A7C6-4564EAB7E494} = {01438C57-C942-461F-8D52-9D36645437EC}
		{C729EDB4-60EA-4C73-B0D0-6226B3340B1E} = {01438C57-C942-461F-8D52-9D36645437EC}
		{C481DE8D-36D6-4856-99CC-3B272BE44B67} = {01438C57-C942-461F-8D52-9D36645437EC}
		{2E98C2B9-322A-443B-8305-CD50520E88E0} = {98E5F320-B5CC-4B03-A199-C211AFE8128E}
	EndGlobalSection
	GlobalSection(ExtensibilityGlobals) = postSolution
		SolutionGuid = {F540FAC7-6560-439A-B043-02FFE43909A1}
	EndGlobalSection
EndGlobal
